
Microsoft Visual Studio Solution File, Format Version 12.00
# Visual Studio Version 17
VisualStudioVersion = 17.7.34031.279
MinimumVisualStudioVersion = 10.0.40219.1
Project("{FAE04EC0-301F-11D3-BF4B-00C04F79EFBC}") = "AdministratorSystem", "AdministratorSystem.csproj", "{F8E74920-48B0-40ED-8CD2-204393D6546E}"
EndProject
Global
	GlobalSection(SolutionConfigurationPlatforms) = preSolution
		Debug|Any CPU = Debug|Any CPU
		Release|Any CPU = Release|Any CPU
	EndGlobalSection
	GlobalSection(ProjectConfigurationPlatforms) = postSolution
		{F8E74920-48B0-40ED-8CD2-204393D6546E}.Debug|Any CPU.ActiveCfg = Debug|Any CPU
		{F8E74920-48B0-40ED-8CD2-204393D6546E}.Debug|Any CPU.Build.0 = Debug|Any CPU
		{F8E74920-48B0-40ED-8CD2-204393D6546E}.Release|Any CPU.ActiveCfg = Release|Any CPU
		{F8E74920-48B0-40ED-8CD2-204393D6546E}.Release|Any CPU.Build.0 = Release|Any CPU
	EndGlobalSection
	GlobalSection(SolutionProperties) = preSolution
		HideSolutionNode = FALSE
	EndGlobalSection
	GlobalSection(ExtensibilityGlobals) = postSolution
		SolutionGuid = {11F1B567-BDC7-4AEA-A17F-3F56C401C0CA}
	EndGlobalSection
EndGlobal
